
Microsoft Visual Studio Solution File, Format Version 12.00
# Visual Studio Version 16
VisualStudioVersion = 16.0.31005.135
MinimumVisualStudioVersion = 10.0.40219.1
Project("{FAE04EC0-301F-11D3-BF4B-00C04F79EFBC}") = "ApiZapatos", "ApiZapatos\ApiZapatos.csproj", "{E738E994-305F-45DA-8BD8-402AF1C0CE1F}"
EndProject
Project("{FAE04EC0-301F-11D3-BF4B-00C04F79EFBC}") = "BusinessEntities", "BusinessEntities\BusinessEntities.csproj", "{A20BA439-3BA8-432B-889A-0A953D0A43CA}"
EndProject
Project("{FAE04EC0-301F-11D3-BF4B-00C04F79EFBC}") = "DataAccess", "DataAccess\DataAccess.csproj", "{59423622-471F-4967-B6BD-2E399376658F}"
EndProject
Project("{FAE04EC0-301F-11D3-BF4B-00C04F79EFBC}") = "BusinessLogic", "BusinessLogic\BusinessLogic.csproj", "{5EBC26EE-6589-4E16-B64F-08F11E044F51}"
EndProject
Project("{FAE04EC0-301F-11D3-BF4B-00C04F79EFBC}") = "ShoeShopWF", "ShoeShopWF\ShoeShopWF.csproj", "{88AD377B-2EC4-4FD2-914F-E11DDAACB66D}"
EndProject
Project("{2150E333-8FDC-42A3-9474-1A3956D46DE8}") = "Solution Items", "Solution Items", "{6B3626B1-A780-46A4-B9C8-1FC8BC9E9C44}"
	ProjectSection(SolutionItems) = preProject
		README.txt = README.txt
	EndProjectSection
EndProject
Global
	GlobalSection(SolutionConfigurationPlatforms) = preSolution
		Debug|Any CPU = Debug|Any CPU
		Release|Any CPU = Release|Any CPU
	EndGlobalSection
	GlobalSection(ProjectConfigurationPlatforms) = postSolution
		{E738E994-305F-45DA-8BD8-402AF1C0CE1F}.Debug|Any CPU.ActiveCfg = Debug|Any CPU
		{E738E994-305F-45DA-8BD8-402AF1C0CE1F}.Debug|Any CPU.Build.0 = Debug|Any CPU
		{E738E994-305F-45DA-8BD8-402AF1C0CE1F}.Release|Any CPU.ActiveCfg = Release|Any CPU
		{E738E994-305F-45DA-8BD8-402AF1C0CE1F}.Release|Any CPU.Build.0 = Release|Any CPU
		{A20BA439-3BA8-432B-889A-0A953D0A43CA}.Debug|Any CPU.ActiveCfg = Debug|Any CPU
		{A20BA439-3BA8-432B-889A-0A953D0A43CA}.Debug|Any CPU.Build.0 = Debug|Any CPU
		{A20BA439-3BA8-432B-889A-0A953D0A43CA}.Release|Any CPU.ActiveCfg = Release|Any CPU
		{A20BA439-3BA8-432B-889A-0A953D0A43CA}.Release|Any CPU.Build.0 = Release|Any CPU
		{59423622-471F-4967-B6BD-2E399376658F}.Debug|Any CPU.ActiveCfg = Debug|Any CPU
		{59423622-471F-4967-B6BD-2E399376658F}.Debug|Any CPU.Build.0 = Debug|Any CPU
		{59423622-471F-4967-B6BD-2E399376658F}.Release|Any CPU.ActiveCfg = Release|Any CPU
		{59423622-471F-4967-B6BD-2E399376658F}.Release|Any CPU.Build.0 = Release|Any CPU
		{5EBC26EE-6589-4E16-B64F-08F11E044F51}.Debug|Any CPU.ActiveCfg = Debug|Any CPU
		{5EBC26EE-6589-4E16-B64F-08F11E044F51}.Debug|Any CPU.Build.0 = Debug|Any CPU
		{5EBC26EE-6589-4E16-B64F-08F11E044F51}.Release|Any CPU.ActiveCfg = Release|Any CPU
		{5EBC26EE-6589-4E16-B64F-08F11E044F51}.Release|Any CPU.Build.0 = Release|Any CPU
		{88AD377B-2EC4-4FD2-914F-E11DDAACB66D}.Debug|Any CPU.ActiveCfg = Debug|Any CPU
		{88AD377B-2EC4-4FD2-914F-E11DDAACB66D}.Debug|Any CPU.Build.0 = Debug|Any CPU
		{88AD377B-2EC4-4FD2-914F-E11DDAACB66D}.Release|Any CPU.ActiveCfg = Release|Any CPU
		{88AD377B-2EC4-4FD2-914F-E11DDAACB66D}.Release|Any CPU.Build.0 = Release|Any CPU
	EndGlobalSection
	GlobalSection(SolutionProperties) = preSolution
		HideSolutionNode = FALSE
	EndGlobalSection
	GlobalSection(ExtensibilityGlobals) = postSolution
		SolutionGuid = {B546B392-E392-4131-8212-95F9E101E1CC}
	EndGlobalSection
EndGlobal
